
Microsoft Visual Studio Solution File, Format Version 12.00
# Visual Studio Version 17
VisualStudioVersion = 17.3.32804.467
MinimumVisualStudioVersion = 10.0.40219.1
Project("{FAE04EC0-301F-11D3-BF4B-00C04F79EFBC}") = "TicketBooking", "TicketBooking\TicketBooking.csproj", "{37B4C16B-C146-41DE-B67E-60DF6F2389E3}"
EndProject
Global
	GlobalSection(SolutionConfigurationPlatforms) = preSolution
		Debug|Any CPU = Debug|Any CPU
		Release|Any CPU = Release|Any CPU
	EndGlobalSection
	GlobalSection(ProjectConfigurationPlatforms) = postSolution
		{37B4C16B-C146-41DE-B67E-60DF6F2389E3}.Debug|Any CPU.ActiveCfg = Debug|Any CPU
		{37B4C16B-C146-41DE-B67E-60DF6F2389E3}.Debug|Any CPU.Build.0 = Debug|Any CPU
		{37B4C16B-C146-41DE-B67E-60DF6F2389E3}.Release|Any CPU.ActiveCfg = Release|Any CPU
		{37B4C16B-C146-41DE-B67E-60DF6F2389E3}.Release|Any CPU.Build.0 = Release|Any CPU
	EndGlobalSection
	GlobalSection(SolutionProperties) = preSolution
		HideSolutionNode = FALSE
	EndGlobalSection
	GlobalSection(ExtensibilityGlobals) = postSolution
		SolutionGuid = {3FB1A69F-E111-4674-B6C1-19CCE5354A17}
	EndGlobalSection
EndGlobal
